Microsoft Visual Studio Solution File, Format Version 12.00
# Visual Studio Version 17
VisualStudioVersion = 17.9.34728.123
MinimumVisualStudioVersion = 10.0.40219.1
Project("{9A19103F-16F7-4668-BE54-9A1E7A4F7556}") = "Pimp.CSharpAssembly", "Pimp.CSharpAssembly.csproj", "{3A1AD77E-3E84-4980-9F13-B22CC62B4CF5}"
EndProject
Global
	GlobalSection(SolutionConfigurationPlatforms) = preSolution
		Debug|Any CPU = Debug|Any CPU
		Release|Any CPU = Release|Any CPU
	EndGlobalSection
	GlobalSection(ProjectConfigurationPlatforms) = postSolution
		{3A1AD77E-3E84-4980-9F13-B22CC62B4CF5}.Debug|Any CPU.ActiveCfg = Debug|Any CPU
		{3A1AD77E-3E84-4980-9F13-B22CC62B4CF5}.Debug|Any CPU.Build.0 = Debug|Any CPU
		{3A1AD77E-3E84-4980-9F13-B22CC62B4CF5}.Release|Any CPU.ActiveCfg = Release|Any CPU
		{3A1AD77E-3E84-4980-9F13-B22CC62B4CF5}.Release|Any CPU.Build.0 = Release|Any CPU
	EndGlobalSection
	GlobalSection(SolutionProperties) = preSolution
		HideSolutionNode = FALSE
	EndGlobalSection
	GlobalSection(ExtensibilityGlobals) = postSolution
		SolutionGuid = {3801D571-5317-4171-AD12-6FC1E9FD4C4A}
	EndGlobalSection
EndGlobal
